
Microsoft Visual Studio Solution File, Format Version 12.00
# Visual Studio Version 16
VisualStudioVersion = 16.0.30413.136
MinimumVisualStudioVersion = 10.0.40219.1
Project("{FAE04EC0-301F-11D3-BF4B-00C04F79EFBC}") = "Console_One_Neuron", "Console_One_Neuron\Console_One_Neuron.csproj", "{5BF8BAA2-C997-47BD-BC2A-ED8FC146DD6D}"
EndProject
Global
	GlobalSection(SolutionConfigurationPlatforms) = preSolution
		Debug|Any CPU = Debug|Any CPU
		Release|Any CPU = Release|Any CPU
	EndGlobalSection
	GlobalSection(ProjectConfigurationPlatforms) = postSolution
		{5BF8BAA2-C997-47BD-BC2A-ED8FC146DD6D}.Debug|Any CPU.ActiveCfg = Debug|Any CPU
		{5BF8BAA2-C997-47BD-BC2A-ED8FC146DD6D}.Debug|Any CPU.Build.0 = Debug|Any CPU
		{5BF8BAA2-C997-47BD-BC2A-ED8FC146DD6D}.Release|Any CPU.ActiveCfg = Release|Any CPU
		{5BF8BAA2-C997-47BD-BC2A-ED8FC146DD6D}.Release|Any CPU.Build.0 = Release|Any CPU
	EndGlobalSection
	GlobalSection(SolutionProperties) = preSolution
		HideSolutionNode = FALSE
	EndGlobalSection
	GlobalSection(ExtensibilityGlobals) = postSolution
		SolutionGuid = {F7EF40A1-5288-4B9F-B80F-9C4D3AEC2940}
	EndGlobalSection
EndGlobal
